// !$*UTF8*$!
{
	archiveVersion = 1;
	classes = {
	};
	objectVersion = 50;
	objects = {

/* Begin PBXBuildFile section */
		37509D1921646DC1007AE019 /* Item.swift in Sources */ = {isa = PBXBuildFile; fileRef = 37509D1821646DC1007AE019 /* Item.swift */; };
		37509D1B21646DCF007AE019 /* Category.swift in Sources */ = {isa = PBXBuildFile; fileRef = 37509D1A21646DCF007AE019 /* Category.swift */; };
		375EAC2F2120F33B0061FDB5 /* AppDelegate.swift in Sources */ = {isa = PBXBuildFile; fileRef = 375EAC2E2120F33B0061FDB5 /* AppDelegate.swift */; };
		375EAC312120F33B0061FDB5 /* TodoListViewController.swift in Sources */ = {isa = PBXBuildFile; fileRef = 375EAC302120F33B0061FDB5 /* TodoListViewController.swift */; };
		375EAC342120F33B0061FDB5 /* Main.storyboard in Resources */ = {isa = PBXBuildFile; fileRef = 375EAC322120F33B0061FDB5 /* Main.storyboard */; };
		375EAC362120F33C0061FDB5 /* Assets.xcassets in Resources */ = {isa = PBXBuildFile; fileRef = 375EAC352120F33C0061FDB5 /* Assets.xcassets */; };
		375EAC392120F33C0061FDB5 /* LaunchScreen.storyboard in Resources */ = {isa = PBXBuildFile; fileRef = 375EAC372120F33C0061FDB5 /* LaunchScreen.storyboard */; };
		37E1C0E6215DF2250020084F /* CategoryViewController.swift in Sources */ = {isa = PBXBuildFile; fileRef = 37E1C0E5215DF2250020084F /* CategoryViewController.swift */; };
		B4B29D20FCE443BA3DC9A342 /* Pods_Todoey.framework in Frameworks */ = {isa = PBXBuildFile; fileRef = 570BF17CBC13FA076C50B751 /* Pods_Todoey.framework */; };
/* End PBXBuildFile section */

/* Begin PBXFileReference section */
		37509D1821646DC1007AE019 /* Item.swift */ = {isa = PBXFileReference; lastKnownFileType = sourcecode.swift; path = Item.swift; sourceTree = "<group>"; };
		37509D1A21646DCF007AE019 /* Category.swift */ = {isa = PBXFileReference; lastKnownFileType = sourcecode.swift; path = Category.swift; sourceTree = "<group>"; };
		375EAC2B2120F33B0061FDB5 /* Todoey.app */ = {isa = PBXFileReference; explicitFileType = wrapper.application; includeInIndex = 0; path = Todoey.app; sourceTree = BUILT_PRODUCTS_DIR; };
		375EAC2E2120F33B0061FDB5 /* AppDelegate.swift */ = {isa = PBXFileReference; lastKnownFileType = sourcecode.swift; path = AppDelegate.swift; sourceTree = "<group>"; };
		375EAC302120F33B0061FDB5 /* TodoListViewController.swift */ = {isa = PBXFileReference; lastKnownFileType = sourcecode.swift; path = TodoListViewController.swift; sourceTree = "<group>"; };
		375EAC332120F33B0061FDB5 /* Base */ = {isa = PBXFileReference; lastKnownFileType = file.storyboard; name = Base; path = Base.lproj/Main.storyboard; sourceTree = "<group>"; };
		375EAC352120F33C0061FDB5 /* Assets.xcassets */ = {isa = PBXFileReference; lastKnownFileType = folder.assetcatalog; path = Assets.xcassets; sourceTree = "<group>"; };
		375EAC382120F33C0061FDB5 /* Base */ = {isa = PBXFileReference; lastKnownFileType = file.storyboard; name = Base; path = Base.lproj/LaunchScreen.storyboard; sourceTree = "<group>"; };
		375EAC3A2120F33C0061FDB5 /* Info.plist */ = {isa = PBXFileReference; lastKnownFileType = text.plist.xml; path = Info.plist; sourceTree = "<group>"; };
		37E1C0E5215DF2250020084F /* CategoryViewController.swift */ = {isa = PBXFileReference; lastKnownFileType = sourcecode.swift; path = CategoryViewController.swift; sourceTree = "<group>"; };
		570BF17CBC13FA076C50B751 /* Pods_Todoey.framework */ = {isa = PBXFileReference; explicitFileType = wrapper.framework; includeInIndex = 0; path = Pods_Todoey.framework; sourceTree = BUILT_PRODUCTS_DIR; };
		6CCFB13705365304346AB0BB /* Pods-Todoey.debug.xcconfig */ = {isa = PBXFileReference; includeInIndex = 1; lastKnownFileType = text.xcconfig; name = "Pods-Todoey.debug.xcconfig"; path = "Pods/Target Support Files/Pods-Todoey/Pods-Todoey.debug.xcconfig"; sourceTree = "<group>"; };
		D8176CC239E2F69B67785610 /* Pods-Todoey.release.xcconfig */ = {isa = PBXFileReference; includeInIndex = 1; lastKnownFileType = text.xcconfig; name = "Pods-Todoey.release.xcconfig"; path = "Pods/Target Support Files/Pods-Todoey/Pods-Todoey.release.xcconfig"; sourceTree = "<group>"; };
/* End PBXFileReference section */

/* Begin PBXFrameworksBuildPhase section */
		375EAC282120F33B0061FDB5 /* Frameworks */ = {
			isa = PBXFrameworksBuildPhase;
			buildActionMask = 2147483647;
			files = (
				B4B29D20FCE443BA3DC9A342 /* Pods_Todoey.framework in Frameworks */,
			);
			runOnlyForDeploymentPostprocessing = 0;
		};
/* End PBXFrameworksBuildPhase section */

/* Begin PBXGroup section */
		3703C7462121300700A8EB43 /* Model */ = {
			isa = PBXGroup;
			children = (
				37509D1A21646DCF007AE019 /* Category.swift */,
				37509D1821646DC1007AE019 /* Item.swift */,
			);
			path = Model;
			sourceTree = "<group>";
		};
		3703C7472121302300A8EB43 /* Controller */ = {
			isa = PBXGroup;
			children = (
				37E1C0E5215DF2250020084F /* CategoryViewController.swift */,
				375EAC302120F33B0061FDB5 /* TodoListViewController.swift */,
			);
			path = Controller;
			sourceTree = "<group>";
		};
		3703C7482121307200A8EB43 /* Supporting Files */ = {
			isa = PBXGroup;
			children = (
				375EAC372120F33C0061FDB5 /* LaunchScreen.storyboard */,
				375EAC352120F33C0061FDB5 /* Assets.xcassets */,
			);
			path = "Supporting Files";
			sourceTree = "<group>";
		};
		3703C749212130A600A8EB43 /* View */ = {
			isa = PBXGroup;
			children = (
				375EAC322120F33B0061FDB5 /* Main.storyboard */,
			);
			path = View;
			sourceTree = "<group>";
		};
		375EAC222120F33B0061FDB5 = {
			isa = PBXGroup;
			children = (
				375EAC2D2120F33B0061FDB5 /* Todoey */,
				375EAC2C2120F33B0061FDB5 /* Products */,
				E6F244D78A3D7AC6A1B8393A /* Pods */,
				B7BFAE2EB15771659A14494B /* Frameworks */,
			);
			sourceTree = "<group>";
		};
		375EAC2C2120F33B0061FDB5 /* Products */ = {
			isa = PBXGroup;
			children = (
				375EAC2B2120F33B0061FDB5 /* Todoey.app */,
			);
			name = Products;
			sourceTree = "<group>";
		};
		375EAC2D2120F33B0061FDB5 /* Todoey */ = {
			isa = PBXGroup;
			children = (
				375EAC2E2120F33B0061FDB5 /* AppDelegate.swift */,
				375EAC3A2120F33C0061FDB5 /* Info.plist */,
				3703C7462121300700A8EB43 /* Model */,
				3703C749212130A600A8EB43 /* View */,
				3703C7472121302300A8EB43 /* Controller */,
				3703C7482121307200A8EB43 /* Supporting Files */,
			);
			path = Todoey;
			sourceTree = "<group>";
		};
		B7BFAE2EB15771659A14494B /* Frameworks */ = {
			isa = PBXGroup;
			children = (
				570BF17CBC13FA076C50B751 /* Pods_Todoey.framework */,
			);
			name = Frameworks;
			sourceTree = "<group>";
		};
		E6F244D78A3D7AC6A1B8393A /* Pods */ = {
			isa = PBXGroup;
			children = (
				6CCFB13705365304346AB0BB /* Pods-Todoey.debug.xcconfig */,
				D8176CC239E2F69B67785610 /* Pods-Todoey.release.xcconfig */,
			);
			name = Pods;
			sourceTree = "<group>";
		};
/* End PBXGroup section */

/* Begin PBXNativeTarget section */
		375EAC2A2120F33B0061FDB5 /* Todoey */ = {
			isa = PBXNativeTarget;
			buildConfigurationList = 375EAC3D2120F33C0061FDB5 /* Build configuration list for PBXNativeTarget "Todoey" */;
			buildPhases = (
				3D29F610E948262BB6F06796 /* [CP] Check Pods Manifest.lock */,
				375EAC272120F33B0061FDB5 /* Sources */,
				375EAC282120F33B0061FDB5 /* Frameworks */,
				375EAC292120F33B0061FDB5 /* Resources */,
				EAD4CD4B7B8A966EAC6805EF /* [CP] Embed Pods Frameworks */,
			);
			buildRules = (
			);
			dependencies = (
			);
			name = Todoey;
			productName = Todoey;
			productReference = 375EAC2B2120F33B0061FDB5 /* Todoey.app */;
			productType = "com.apple.product-type.application";
		};
/* End PBXNativeTarget section */

/* Begin PBXProject section */
		375EAC232120F33B0061FDB5 /* Project object */ = {
			isa = PBXProject;
			attributes = {
				LastSwiftUpdateCheck = 1000;
				LastUpgradeCheck = 1000;
				ORGANIZATIONNAME = "William Keiter";
				TargetAttributes = {
					375EAC2A2120F33B0061FDB5 = {
						CreatedOnToolsVersion = 10.0;
					};
				};
			};
			buildConfigurationList = 375EAC262120F33B0061FDB5 /* Build configuration list for PBXProject "Todoey" */;
			compatibilityVersion = "Xcode 9.3";
			developmentRegion = en;
			hasScannedForEncodings = 0;
			knownRegions = (
				en,
				Base,
			);
			mainGroup = 375EAC222120F33B0061FDB5;
			productRefGroup = 375EAC2C2120F33B0061FDB5 /* Products */;
			projectDirPath = "";
			projectRoot = "";
			targets = (
				375EAC2A2120F33B0061FDB5 /* Todoey */,
			);
		};
/* End PBXProject section */

/* Begin PBXResourcesBuildPhase section */
		375EAC292120F33B0061FDB5 /* Resources */ = {
			isa = PBXResourcesBuildPhase;
			buildActionMask = 2147483647;
			files = (
				375EAC392120F33C0061FDB5 /* LaunchScreen.storyboard in Resources */,
				375EAC362120F33C0061FDB5 /* Assets.xcassets in Resources */,
				375EAC342120F33B0061FDB5 /* Main.storyboard in Resources */,
			);
			runOnlyForDeploymentPostprocessing = 0;
		};
/* End PBXResourcesBuildPhase section */

/* Begin PBXShellScriptBuildPhase section */
		3D29F610E948262BB6F06796 /* [CP] Check Pods Manifest.lock */ = {
			isa = PBXShellScriptBuildPhase;
			buildActionMask = 2147483647;
			files = (
			);
			inputPaths = (
				"${PODS_PODFILE_DIR_PATH}/Podfile.lock",
				"${PODS_ROOT}/Manifest.lock",
			);
			name = "[CP] Check Pods Manifest.lock";
			outputPaths = (
				"$(DERIVED_FILE_DIR)/Pods-Todoey-checkManifestLockResult.txt",
			);
			runOnlyForDeploymentPostprocessing = 0;
			shellPath = /bin/sh;
			shellScript = "diff \"${PODS_PODFILE_DIR_PATH}/Podfile.lock\" \"${PODS_ROOT}/Manifest.lock\" > /dev/null\nif [ $? != 0 ] ; then\n    # print error to STDERR\n    echo \"error: The sandbox is not in sync with the Podfile.lock. Run 'pod install' or update your CocoaPods installation.\" >&2\n    exit 1\nfi\n# This output is used by Xcode 'outputs' to avoid re-running this script phase.\necho \"SUCCESS\" > \"${SCRIPT_OUTPUT_FILE_0}\"\n";
			showEnvVarsInLog = 0;
		};
		EAD4CD4B7B8A966EAC6805EF /* [CP] Embed Pods Frameworks */ = {
			isa = PBXShellScriptBuildPhase;
			buildActionMask = 2147483647;
			files = (
			);
			inputPaths = (
				"${SRCROOT}/Pods/Target Support Files/Pods-Todoey/Pods-Todoey-frameworks.sh",
				"${BUILT_PRODUCTS_DIR}/Realm/Realm.framework",
				"${BUILT_PRODUCTS_DIR}/RealmSwift/RealmSwift.framework",
			);
			name = "[CP] Embed Pods Frameworks";
			outputPaths = (
				"${TARGET_BUILD_DIR}/${FRAMEWORKS_FOLDER_PATH}/Realm.framework",
				"${TARGET_BUILD_DIR}/${FRAMEWORKS_FOLDER_PATH}/RealmSwift.framework",
			);
			runOnlyForDeploymentPostprocessing = 0;
			shellPath = /bin/sh;
			shellScript = "\"${SRCROOT}/Pods/Target Support Files/Pods-Todoey/Pods-Todoey-frameworks.sh\"\n";
			showEnvVarsInLog = 0;
		};
/* End PBXShellScriptBuildPhase section */

/* Begin PBXSourcesBuildPhase section */
		375EAC272120F33B0061FDB5 /* Sources */ = {
			isa = PBXSourcesBuildPhase;
			buildActionMask = 2147483647;
			files = (
				37509D1921646DC1007AE019 /* Item.swift in Sources */,
				37E1C0E6215DF2250020084F /* CategoryViewController.swift in Sources */,
				375EAC312120F33B0061FDB5 /* TodoListViewController.swift in Sources */,
				37509D1B21646DCF007AE019 /* Category.swift in Sources */,
				375EAC2F2120F33B0061FDB5 /* AppDelegate.swift in Sources */,
			);
			runOnlyForDeploymentPostprocessing = 0;
		};
/* End PBXSourcesBuildPhase section */

/* Begin PBXVariantGroup section */
		375EAC322120F33B0061FDB5 /* Main.storyboard */ = {
			isa = PBXVariantGroup;
			children = (
				375EAC332120F33B0061FDB5 /* Base */,
			);
			name = Main.storyboard;
			sourceTree = "<group>";
		};
		375EAC372120F33C0061FDB5 /* LaunchScreen.storyboard */ = {
			isa = PBXVariantGroup;
			children = (
				375EAC382120F33C0061FDB5 /* Base */,
			);
			name = LaunchScreen.storyboard;
			sourceTree = "<group>";
		};
/* End PBXVariantGroup section */

/* Begin XCBuildConfiguration section */
		375EAC3B2120F33C0061FDB5 /* Debug */ = {
			isa = XCBuildConfiguration;
			buildSettings = {
				ALWAYS_SEARCH_USER_PATHS = NO;
				CLANG_ANALYZER_NONNULL = YES;
				CLANG_ANALYZER_NUMBER_OBJECT_CONVERSION = YES_AGGRESSIVE;
				CLANG_CXX_LANGUAGE_STANDARD = "gnu++14";
				CLANG_CXX_LIBRARY = "libc++";
				CLANG_ENABLE_MODULES = YES;
				CLANG_ENABLE_OBJC_ARC = YES;
				CLANG_ENABLE_OBJC_WEAK = YES;
				CLANG_WARN_BLOCK_CAPTURE_AUTORELEASING = YES;
				CLANG_WARN_BOOL_CONVERSION = YES;
				CLANG_WARN_COMMA = YES;
				CLANG_WARN_CONSTANT_CONVERSION = YES;
				CLANG_WARN_DEPRECATED_OBJC_IMPLEMENTATIONS = YES;
				CLANG_WARN_DIRECT_OBJC_ISA_USAGE = YES_ERROR;
				CLANG_WARN_DOCUMENTATION_COMMENTS = YES;
				CLANG_WARN_EMPTY_BODY = YES;
				CLANG_WARN_ENUM_CONVERSION = YES;
				CLANG_WARN_INFINITE_RECURSION = YES;
				CLANG_WARN_INT_CONVERSION = YES;
				CLANG_WARN_NON_LITERAL_NULL_CONVERSION = YES;
				CLANG_WARN_OBJC_IMPLICIT_RETAIN_SELF = YES;
				CLANG_WARN_OBJC_LITERAL_CONVERSION = YES;
				CLANG_WARN_OBJC_ROOT_CLASS = YES_ERROR;
				CLANG_WARN_RANGE_LOOP_ANALYSIS = YES;
				CLANG_WARN_STRICT_PROTOTYPES = YES;
				CLANG_WARN_SUSPICIOUS_MOVE = YES;
				CLANG_WARN_UNGUARDED_AVAILABILITY = YES_AGGRESSIVE;
				CLANG_WARN_UNREACHABLE_CODE = YES;
				CLANG_WARN__DUPLICATE_METHOD_MATCH = YES;
				CODE_SIGN_IDENTITY = "iPhone Developer";
				COPY_PHASE_STRIP = NO;
				DEBUG_INFORMATION_FORMAT = dwarf;
				ENABLE_STRICT_OBJC_MSGSEND = YES;
				ENABLE_TESTABILITY = YES;
				GCC_C_LANGUAGE_STANDARD = gnu11;
				GCC_DYNAMIC_NO_PIC = NO;
				GCC_NO_COMMON_BLOCKS = YES;
				GCC_OPTIMIZATION_LEVEL = 0;
				GCC_PREPROCESSOR_DEFINITIONS = (
					"DEBUG=1",
					"$(inherited)",
				);
				GCC_WARN_64_TO_32_BIT_CONVERSION = YES;
				GCC_WARN_ABOUT_RETURN_TYPE = YES_ERROR;
				GCC_WARN_UNDECLARED_SELECTOR = YES;
				GCC_WARN_UNINITIALIZED_AUTOS = YES_AGGRESSIVE;
				GCC_WARN_UNUSED_FUNCTION = YES;
				GCC_WARN_UNUSED_VARIABLE = YES;
				IPHONEOS_DEPLOYMENT_TARGET = 12.0;
				MTL_ENABLE_DEBUG_INFO = INCLUDE_SOURCE;
				MTL_FAST_MATH = YES;
				ONLY_ACTIVE_ARCH = YES;
				SDKROOT = iphoneos;
				SWIFT_ACTIVE_COMPILATION_CONDITIONS = DEBUG;
				SWIFT_OPTIMIZATION_LEVEL = "-Onone";
			};
			name = Debug;
		};
		375EAC3C2120F33C0061FDB5 /* Release */ = {
			isa = XCBuildConfiguration;
			buildSettings = {
				ALWAYS_SEARCH_USER_PATHS = NO;
				CLANG_ANALYZER_NONNULL = YES;
				CLANG_ANALYZER_NUMBER_OBJECT_CONVERSION = YES_AGGRESSIVE;
				CLANG_CXX_LANGUAGE_STANDARD = "gnu++14";
				CLANG_CXX_LIBRARY = "libc++";
				CLANG_ENABLE_MODULES = YES;
				CLANG_ENABLE_OBJC_ARC = YES;
				CLANG_ENABLE_OBJC_WEAK = YES;
				CLANG_WARN_BLOCK_CAPTURE_AUTORELEASING = YES;
				CLANG_WARN_BOOL_CONVERSION = YES;
				CLANG_WARN_COMMA = YES;
				CLANG_WARN_CONSTANT_CONVERSION = YES;
				CLANG_WARN_DEPRECATED_OBJC_IMPLEMENTATIONS = YES;
				CLANG_WARN_DIRECT_OBJC_ISA_USAGE = YES_ERROR;
				CLANG_WARN_DOCUMENTATION_COMMENTS = YES;
				CLANG_WARN_EMPTY_BODY = YES;
				CLANG_WARN_ENUM_CONVERSION = YES;
				CLANG_WARN_INFINITE_RECURSION = YES;
				CLANG_WARN_INT_CONVERSION = YES;
				CLANG_WARN_NON_LITERAL_NULL_CONVERSION = YES;
				CLANG_WARN_OBJC_IMPLICIT_RETAIN_SELF = YES;
				CLANG_WARN_OBJC_LITERAL_CONVERSION = YES;
				CLANG_WARN_OBJC_ROOT_CLASS = YES_ERROR;
				CLANG_WARN_RANGE_LOOP_ANALYSIS = YES;
				CLANG_WARN_STRICT_PROTOTYPES = YES;
				CLANG_WARN_SUSPICIOUS_MOVE = YES;
				CLANG_WARN_UNGUARDED_AVAILABILITY = YES_AGGRESSIVE;
				CLANG_WARN_UNREACHABLE_CODE = YES;
				CLANG_WARN__DUPLICATE_METHOD_MATCH = YES;
				CODE_SIGN_IDENTITY = "iPhone Developer";
				COPY_PHASE_STRIP = NO;
				DEBUG_INFORMATION_FORMAT = "dwarf-with-dsym";
				ENABLE_NS_ASSERTIONS = NO;
				ENABLE_STRICT_OBJC_MSGSEND = YES;
				GCC_C_LANGUAGE_STANDARD = gnu11;
				GCC_NO_COMMON_BLOCKS = YES;
				GCC_WARN_64_TO_32_BIT_CONVERSION = YES;
				GCC_WARN_ABOUT_RETURN_TYPE = YES_ERROR;
				GCC_WARN_UNDECLARED_SELECTOR = YES;
				GCC_WARN_UNINITIALIZED_AUTOS = YES_AGGRESSIVE;
				GCC_WARN_UNUSED_FUNCTION = YES;
				GCC_WARN_UNUSED_VARIABLE = YES;
				IPHONEOS_DEPLOYMENT_TARGET = 12.0;
				MTL_ENABLE_DEBUG_INFO = NO;
				MTL_FAST_MATH = YES;
				SDKROOT = iphoneos;
				SWIFT_COMPILATION_MODE = wholemodule;
				SWIFT_OPTIMIZATION_LEVEL = "-O";
				VALIDATE_PRODUCT = YES;
			};
			name = Release;
		};
		375EAC3E2120F33C0061FDB5 /* Debug */ = {
			isa = XCBuildConfiguration;
			baseConfigurationReference = 6CCFB13705365304346AB0BB /* Pods-Todoey.debug.xcconfig */;
			buildSettings = {
				ASSETCATALOG_COMPILER_APPICON_NAME = AppIcon;
				CODE_SIGN_STYLE = Automatic;
				DEVELOPMENT_TEAM = S4F6VAZ2MU;
				INFOPLIST_FILE = Todoey/Info.plist;
				IPHONEOS_DEPLOYMENT_TARGET = 12.1;
				LD_RUNPATH_SEARCH_PATHS = (
					"$(inherited)",
					"@executable_path/Frameworks",
				);
				PRODUCT_BUNDLE_IDENTIFIER = com.williamkeiter.Todoey;
				PRODUCT_NAME = "$(TARGET_NAME)";
				SWIFT_VERSION = 4.2;
				TARGETED_DEVICE_FAMILY = "1,2";
			};
			name = Debug;
		};
		375EAC3F2120F33C0061FDB5 /* Release */ = {
			isa = XCBuildConfiguration;
			baseConfigurationReference = D8176CC239E2F69B67785610 /* Pods-Todoey.release.xcconfig */;
			buildSettings = {
				ASSETCATALOG_COMPILER_APPICON_NAME = AppIcon;
				CODE_SIGN_STYLE = Automatic;
				DEVELOPMENT_TEAM = S4F6VAZ2MU;
				INFOPLIST_FILE = Todoey/Info.plist;
				IPHONEOS_DEPLOYMENT_TARGET = 12.1;
				LD_RUNPATH_SEARCH_PATHS = (
					"$(inherited)",
					"@executable_path/Frameworks",
				);
				PRODUCT_BUNDLE_IDENTIFIER = com.williamkeiter.Todoey;
				PRODUCT_NAME = "$(TARGET_NAME)";
				SWIFT_VERSION = 4.2;
				TARGETED_DEVICE_FAMILY = "1,2";
			};
			name = Release;
		};
/* End XCBuildConfiguration section */

/* Begin XCConfigurationList section */
		375EAC262120F33B0061FDB5 /* Build configuration list for PBXProject "Todoey" */ = {
			isa = XCConfigurationList;
			buildConfigurations = (
				375EAC3B2120F33C0061FDB5 /* Debug */,
				375EAC3C2120F33C0061FDB5 /* Release */,
			);
			defaultConfigurationIsVisible = 0;
			defaultConfigurationName = Release;
		};
		375EAC3D2120F33C0061FDB5 /* Build configuration list for PBXNativeTarget "Todoey" */ = {
			isa = XCConfigurationList;
			buildConfigurations = (
				375EAC3E2120F33C0061FDB5 /* Debug */,
				375EAC3F2120F33C0061FDB5 /* Release */,
			);
			defaultConfigurationIsVisible = 0;
			defaultConfigurationName = Release;
		};
/* End XCConfigurationList section */
	};
	rootObject = 375EAC232120F33B0061FDB5 /* Project object */;
}
